// !$*UTF8*$!
{
	archiveVersion = 1;
	classes = {
	};
	objectVersion = 46;
	objects = {

/* Begin PBXBuildFile section */
		E10A8FDC1E0BC72C00A033B8 /* Launch Screen.storyboard in Resources */ = {isa = PBXBuildFile; fileRef = E10A8FDB1E0BC72C00A033B8 /* Launch Screen.storyboard */; };
		E10A8FDE1E0BC7C400A033B8 /* Contacts.storyboard in Resources */ = {isa = PBXBuildFile; fileRef = E10A8FDD1E0BC7C400A033B8 /* Contacts.storyboard */; };
		E10A8FE01E0BC7D400A033B8 /* Trend.storyboard in Resources */ = {isa = PBXBuildFile; fileRef = E10A8FDF1E0BC7D400A033B8 /* Trend.storyboard */; };
		E11880171E0BC4BC00F70986 /* AppDelegate.swift in Sources */ = {isa = PBXBuildFile; fileRef = E11880161E0BC4BC00F70986 /* AppDelegate.swift */; };
		E118801C1E0BC4BC00F70986 /* Main.storyboard in Resources */ = {isa = PBXBuildFile; fileRef = E118801A1E0BC4BC00F70986 /* Main.storyboard */; };
		E118801E1E0BC4BC00F70986 /* Assets.xcassets in Resources */ = {isa = PBXBuildFile; fileRef = E118801D1E0BC4BC00F70986 /* Assets.xcassets */; };
		E118802A1E0BC51C00F70986 /* Message.storyboard in Resources */ = {isa = PBXBuildFile; fileRef = E11880291E0BC51C00F70986 /* Message.storyboard */; };
		E1C439941E14E2E300FC6AAD /* MessageViewController.swift in Sources */ = {isa = PBXBuildFile; fileRef = E1C439931E14E2E300FC6AAD /* MessageViewController.swift */; };
		E1ED54561E14AD18005EDF30 /* ShareViewController.swift in Sources */ = {isa = PBXBuildFile; fileRef = E1ED54551E14AD18005EDF30 /* ShareViewController.swift */; };
		E1ED54591E14AD18005EDF30 /* MainInterface.storyboard in Resources */ = {isa = PBXBuildFile; fileRef = E1ED54571E14AD18005EDF30 /* MainInterface.storyboard */; };
		E1ED545D1E14AD18005EDF30 /* QQShareExtension.appex in Embed App Extensions */ = {isa = PBXBuildFile; fileRef = E1ED54531E14AD18005EDF30 /* QQShareExtension.appex */; settings = {ATTRIBUTES = (RemoveHeadersOnCopy, ); }; };
		E1ED54681E14AD33005EDF30 /* CallDirectoryHandler.swift in Sources */ = {isa = PBXBuildFile; fileRef = E1ED54671E14AD33005EDF30 /* CallDirectoryHandler.swift */; };
		E1ED546C1E14AD33005EDF30 /* QQCallKitExtension.appex in Embed App Extensions */ = {isa = PBXBuildFile; fileRef = E1ED54651E14AD33005EDF30 /* QQCallKitExtension.appex */; settings = {ATTRIBUTES = (RemoveHeadersOnCopy, ); }; };
/* End PBXBuildFile section */

/* Begin PBXContainerItemProxy section */
		E1ED545B1E14AD18005EDF30 /* PBXContainerItemProxy */ = {
			isa = PBXContainerItemProxy;
			containerPortal = E118800B1E0BC4BC00F70986 /* Project object */;
			proxyType = 1;
			remoteGlobalIDString = E1ED54521E14AD18005EDF30;
			remoteInfo = QQShareExtension;
		};
		E1ED546A1E14AD33005EDF30 /* PBXContainerItemProxy */ = {
			isa = PBXContainerItemProxy;
			containerPortal = E118800B1E0BC4BC00F70986 /* Project object */;
			proxyType = 1;
			remoteGlobalIDString = E1ED54641E14AD33005EDF30;
			remoteInfo = QQCallKitExtension;
		};
/* End PBXContainerItemProxy section */

/* Begin PBXCopyFilesBuildPhase section */
		E1ED544E1E14AB6B005EDF30 /* Embed App Extensions */ = {
			isa = PBXCopyFilesBuildPhase;
			buildActionMask = 2147483647;
			dstPath = "";
			dstSubfolderSpec = 13;
			files = (
				E1ED545D1E14AD18005EDF30 /* QQShareExtension.appex in Embed App Extensions */,
				E1ED546C1E14AD33005EDF30 /* QQCallKitExtension.appex in Embed App Extensions */,
			);
			name = "Embed App Extensions";
			runOnlyForDeploymentPostprocessing = 0;
		};
/* End PBXCopyFilesBuildPhase section */

/* Begin PBXFileReference section */
		E10A8FDB1E0BC72C00A033B8 /* Launch Screen.storyboard */ = {isa = PBXFileReference; fileEncoding = 4; lastKnownFileType = file.storyboard; path = "Launch Screen.storyboard"; sourceTree = "<group>"; };
		E10A8FDD1E0BC7C400A033B8 /* Contacts.storyboard */ = {isa = PBXFileReference; fileEncoding = 4; lastKnownFileType = file.storyboard; path = Contacts.storyboard; sourceTree = "<group>"; };
		E10A8FDF1E0BC7D400A033B8 /* Trend.storyboard */ = {isa = PBXFileReference; fileEncoding = 4; lastKnownFileType = file.storyboard; path = Trend.storyboard; sourceTree = "<group>"; };
		E11880131E0BC4BC00F70986 /* QQ.app */ = {isa = PBXFileReference; explicitFileType = wrapper.application; includeInIndex = 0; path = QQ.app; sourceTree = BUILT_PRODUCTS_DIR; };
		E11880161E0BC4BC00F70986 /* AppDelegate.swift */ = {isa = PBXFileReference; lastKnownFileType = sourcecode.swift; path = AppDelegate.swift; sourceTree = "<group>"; };
		E118801B1E0BC4BC00F70986 /* Base */ = {isa = PBXFileReference; lastKnownFileType = file.storyboard; name = Base; path = Base.lproj/Main.storyboard; sourceTree = "<group>"; };
		E118801D1E0BC4BC00F70986 /* Assets.xcassets */ = {isa = PBXFileReference; lastKnownFileType = folder.assetcatalog; path = Assets.xcassets; sourceTree = "<group>"; };
		E11880221E0BC4BC00F70986 /* Info.plist */ = {isa = PBXFileReference; lastKnownFileType = text.plist.xml; path = Info.plist; sourceTree = "<group>"; };
		E11880291E0BC51C00F70986 /* Message.storyboard */ = {isa = PBXFileReference; fileEncoding = 4; lastKnownFileType = file.storyboard; path = Message.storyboard; sourceTree = "<group>"; };
		E1C439931E14E2E300FC6AAD /* MessageViewController.swift */ = {isa = PBXFileReference; fileEncoding = 4; lastKnownFileType = sourcecode.swift; path = MessageViewController.swift; sourceTree = "<group>"; };
		E1ED54531E14AD18005EDF30 /* QQShareExtension.appex */ = {isa = PBXFileReference; explicitFileType = "wrapper.app-extension"; includeInIndex = 0; path = QQShareExtension.appex; sourceTree = BUILT_PRODUCTS_DIR; };
		E1ED54551E14AD18005EDF30 /* ShareViewController.swift */ = {isa = PBXFileReference; lastKnownFileType = sourcecode.swift; path = ShareViewController.swift; sourceTree = "<group>"; };
		E1ED54581E14AD18005EDF30 /* Base */ = {isa = PBXFileReference; lastKnownFileType = file.storyboard; name = Base; path = Base.lproj/MainInterface.storyboard; sourceTree = "<group>"; };
		E1ED545A1E14AD18005EDF30 /* Info.plist */ = {isa = PBXFileReference; lastKnownFileType = text.plist.xml; path = Info.plist; sourceTree = "<group>"; };
		E1ED54651E14AD33005EDF30 /* QQCallKitExtension.appex */ = {isa = PBXFileReference; explicitFileType = "wrapper.app-extension"; includeInIndex = 0; path = QQCallKitExtension.appex; sourceTree = BUILT_PRODUCTS_DIR; };
		E1ED54671E14AD33005EDF30 /* CallDirectoryHandler.swift */ = {isa = PBXFileReference; lastKnownFileType = sourcecode.swift; path = CallDirectoryHandler.swift; sourceTree = "<group>"; };
		E1ED54691E14AD33005EDF30 /* Info.plist */ = {isa = PBXFileReference; lastKnownFileType = text.plist.xml; path = Info.plist; sourceTree = "<group>"; };
/* End PBXFileReference section */

/* Begin PBXFrameworksBuildPhase section */
		E11880101E0BC4BC00F70986 /* Frameworks */ = {
			isa = PBXFrameworksBuildPhase;
			buildActionMask = 2147483647;
			files = (
			);
			runOnlyForDeploymentPostprocessing = 0;
		};
		E1ED54501E14AD18005EDF30 /* Frameworks */ = {
			isa = PBXFrameworksBuildPhase;
			buildActionMask = 2147483647;
			files = (
			);
			runOnlyForDeploymentPostprocessing = 0;
		};
		E1ED54621E14AD33005EDF30 /* Frameworks */ = {
			isa = PBXFrameworksBuildPhase;
			buildActionMask = 2147483647;
			files = (
			);
			runOnlyForDeploymentPostprocessing = 0;
		};
/* End PBXFrameworksBuildPhase section */

/* Begin PBXGroup section */
		E118800A1E0BC4BC00F70986 = {
			isa = PBXGroup;
			children = (
				E11880151E0BC4BC00F70986 /* QQ */,
				E1ED54541E14AD18005EDF30 /* QQShareExtension */,
				E1ED54661E14AD33005EDF30 /* QQCallKitExtension */,
				E11880141E0BC4BC00F70986 /* Products */,
			);
			sourceTree = "<group>";
		};
		E11880141E0BC4BC00F70986 /* Products */ = {
			isa = PBXGroup;
			children = (
				E11880131E0BC4BC00F70986 /* QQ.app */,
				E1ED54531E14AD18005EDF30 /* QQShareExtension.appex */,
				E1ED54651E14AD33005EDF30 /* QQCallKitExtension.appex */,
			);
			name = Products;
			sourceTree = "<group>";
		};
		E11880151E0BC4BC00F70986 /* QQ */ = {
			isa = PBXGroup;
			children = (
				E1C439921E14E2CD00FC6AAD /* Classes */,
				E1C439911E14E2C700FC6AAD /* Resources */,
				E11880281E0BC50900F70986 /* IB */,
				E11880161E0BC4BC00F70986 /* AppDelegate.swift */,
				E118801D1E0BC4BC00F70986 /* Assets.xcassets */,
				E11880221E0BC4BC00F70986 /* Info.plist */,
			);
			path = QQ;
			sourceTree = "<group>";
		};
		E11880281E0BC50900F70986 /* IB */ = {
			isa = PBXGroup;
			children = (
				E118801A1E0BC4BC00F70986 /* Main.storyboard */,
				E11880291E0BC51C00F70986 /* Message.storyboard */,
				E10A8FDD1E0BC7C400A033B8 /* Contacts.storyboard */,
				E10A8FDF1E0BC7D400A033B8 /* Trend.storyboard */,
				E10A8FDB1E0BC72C00A033B8 /* Launch Screen.storyboard */,
			);
			name = IB;
			sourceTree = "<group>";
		};
		E1C439911E14E2C700FC6AAD /* Resources */ = {
			isa = PBXGroup;
			children = (
			);
			path = Resources;
			sourceTree = "<group>";
		};
		E1C439921E14E2CD00FC6AAD /* Classes */ = {
			isa = PBXGroup;
			children = (
				E1C439931E14E2E300FC6AAD /* MessageViewController.swift */,
			);
			path = Classes;
			sourceTree = "<group>";
		};
		E1ED54541E14AD18005EDF30 /* QQShareExtension */ = {
			isa = PBXGroup;
			children = (
				E1ED54551E14AD18005EDF30 /* ShareViewController.swift */,
				E1ED54571E14AD18005EDF30 /* MainInterface.storyboard */,
				E1ED545A1E14AD18005EDF30 /* Info.plist */,
			);
			path = QQShareExtension;
			sourceTree = "<group>";
		};
		E1ED54661E14AD33005EDF30 /* QQCallKitExtension */ = {
			isa = PBXGroup;
			children = (
				E1ED54671E14AD33005EDF30 /* CallDirectoryHandler.swift */,
				E1ED54691E14AD33005EDF30 /* Info.plist */,
			);
			path = QQCallKitExtension;
			sourceTree = "<group>";
		};
/* End PBXGroup section */

/* Begin PBXNativeTarget section */
		E11880121E0BC4BC00F70986 /* QQ */ = {
			isa = PBXNativeTarget;
			buildConfigurationList = E11880251E0BC4BC00F70986 /* Build configuration list for PBXNativeTarget "QQ" */;
			buildPhases = (
				E118800F1E0BC4BC00F70986 /* Sources */,
				E11880101E0BC4BC00F70986 /* Frameworks */,
				E11880111E0BC4BC00F70986 /* Resources */,
				E1ED544E1E14AB6B005EDF30 /* Embed App Extensions */,
			);
			buildRules = (
			);
			dependencies = (
				E1ED545C1E14AD18005EDF30 /* PBXTargetDependency */,
				E1ED546B1E14AD33005EDF30 /* PBXTargetDependency */,
			);
			name = QQ;
			productName = QQ;
			productReference = E11880131E0BC4BC00F70986 /* QQ.app */;
			productType = "com.apple.product-type.application";
		};
		E1ED54521E14AD18005EDF30 /* QQShareExtension */ = {
			isa = PBXNativeTarget;
			buildConfigurationList = E1ED545E1E14AD18005EDF30 /* Build configuration list for PBXNativeTarget "QQShareExtension" */;
			buildPhases = (
				E1ED544F1E14AD18005EDF30 /* Sources */,
				E1ED54501E14AD18005EDF30 /* Frameworks */,
				E1ED54511E14AD18005EDF30 /* Resources */,
			);
			buildRules = (
			);
			dependencies = (
			);
			name = QQShareExtension;
			productName = QQShareExtension;
			productReference = E1ED54531E14AD18005EDF30 /* QQShareExtension.appex */;
			productType = "com.apple.product-type.app-extension";
		};
		E1ED54641E14AD33005EDF30 /* QQCallKitExtension */ = {
			isa = PBXNativeTarget;
			buildConfigurationList = E1ED546D1E14AD33005EDF30 /* Build configuration list for PBXNativeTarget "QQCallKitExtension" */;
			buildPhases = (
				E1ED54611E14AD33005EDF30 /* Sources */,
				E1ED54621E14AD33005EDF30 /* Frameworks */,
				E1ED54631E14AD33005EDF30 /* Resources */,
			);
			buildRules = (
			);
			dependencies = (
			);
			name = QQCallKitExtension;
			productName = QQCallKitExtension;
			productReference = E1ED54651E14AD33005EDF30 /* QQCallKitExtension.appex */;
			productType = "com.apple.product-type.app-extension";
		};
/* End PBXNativeTarget section */

/* Begin PBXProject section */
		E118800B1E0BC4BC00F70986 /* Project object */ = {
			isa = PBXProject;
			attributes = {
				LastSwiftUpdateCheck = 0820;
				LastUpgradeCheck = 0820;
				ORGANIZATIONNAME = songwentong;
				TargetAttributes = {
					E11880121E0BC4BC00F70986 = {
						CreatedOnToolsVersion = 8.2;
						DevelopmentTeam = QZFW9RQ778;
						ProvisioningStyle = Automatic;
					};
					E1ED54521E14AD18005EDF30 = {
						CreatedOnToolsVersion = 8.2;
						DevelopmentTeam = QZFW9RQ778;
						ProvisioningStyle = Automatic;
					};
					E1ED54641E14AD33005EDF30 = {
						CreatedOnToolsVersion = 8.2;
						DevelopmentTeam = QZFW9RQ778;
						ProvisioningStyle = Automatic;
					};
				};
			};
			buildConfigurationList = E118800E1E0BC4BC00F70986 /* Build configuration list for PBXProject "QQ" */;
			compatibilityVersion = "Xcode 3.2";
			developmentRegion = English;
			hasScannedForEncodings = 0;
			knownRegions = (
				en,
				Base,
			);
			mainGroup = E118800A1E0BC4BC00F70986;
			productRefGroup = E11880141E0BC4BC00F70986 /* Products */;
			projectDirPath = "";
			projectRoot = "";
			targets = (
				E11880121E0BC4BC00F70986 /* QQ */,
				E1ED54521E14AD18005EDF30 /* QQShareExtension */,
				E1ED54641E14AD33005EDF30 /* QQCallKitExtension */,
			);
		};
/* End PBXProject section */

/* Begin PBXResourcesBuildPhase section */
		E11880111E0BC4BC00F70986 /* Resources */ = {
			isa = PBXResourcesBuildPhase;
			buildActionMask = 2147483647;
			files = (
				E118801E1E0BC4BC00F70986 /* Assets.xcassets in Resources */,
				E118802A1E0BC51C00F70986 /* Message.storyboard in Resources */,
				E10A8FDE1E0BC7C400A033B8 /* Contacts.storyboard in Resources */,
				E10A8FDC1E0BC72C00A033B8 /* Launch Screen.storyboard in Resources */,
				E10A8FE01E0BC7D400A033B8 /* Trend.storyboard in Resources */,
				E118801C1E0BC4BC00F70986 /* Main.storyboard in Resources */,
			);
			runOnlyForDeploymentPostprocessing = 0;
		};
		E1ED54511E14AD18005EDF30 /* Resources */ = {
			isa = PBXResourcesBuildPhase;
			buildActionMask = 2147483647;
			files = (
				E1ED54591E14AD18005EDF30 /* MainInterface.storyboard in Resources */,
			);
			runOnlyForDeploymentPostprocessing = 0;
		};
		E1ED54631E14AD33005EDF30 /* Resources */ = {
			isa = PBXResourcesBuildPhase;
			buildActionMask = 2147483647;
			files = (
			);
			runOnlyForDeploymentPostprocessing = 0;
		};
/* End PBXResourcesBuildPhase section */

/* Begin PBXSourcesBuildPhase section */
		E118800F1E0BC4BC00F70986 /* Sources */ = {
			isa = PBXSourcesBuildPhase;
			buildActionMask = 2147483647;
			files = (
				E1C439941E14E2E300FC6AAD /* MessageViewController.swift in Sources */,
				E11880171E0BC4BC00F70986 /* AppDelegate.swift in Sources */,
			);
			runOnlyForDeploymentPostprocessing = 0;
		};
		E1ED544F1E14AD18005EDF30 /* Sources */ = {
			isa = PBXSourcesBuildPhase;
			buildActionMask = 2147483647;
			files = (
				E1ED54561E14AD18005EDF30 /* ShareViewController.swift in Sources */,
			);
			runOnlyForDeploymentPostprocessing = 0;
		};
		E1ED54611E14AD33005EDF30 /* Sources */ = {
			isa = PBXSourcesBuildPhase;
			buildActionMask = 2147483647;
			files = (
				E1ED54681E14AD33005EDF30 /* CallDirectoryHandler.swift in Sources */,
			);
			runOnlyForDeploymentPostprocessing = 0;
		};
/* End PBXSourcesBuildPhase section */

/* Begin PBXTargetDependency section */
		E1ED545C1E14AD18005EDF30 /* PBXTargetDependency */ = {
			isa = PBXTargetDependency;
			target = E1ED54521E14AD18005EDF30 /* QQShareExtension */;
			targetProxy = E1ED545B1E14AD18005EDF30 /* PBXContainerItemProxy */;
		};
		E1ED546B1E14AD33005EDF30 /* PBXTargetDependency */ = {
			isa = PBXTargetDependency;
			target = E1ED54641E14AD33005EDF30 /* QQCallKitExtension */;
			targetProxy = E1ED546A1E14AD33005EDF30 /* PBXContainerItemProxy */;
		};
/* End PBXTargetDependency section */

/* Begin PBXVariantGroup section */
		E118801A1E0BC4BC00F70986 /* Main.storyboard */ = {
			isa = PBXVariantGroup;
			children = (
				E118801B1E0BC4BC00F70986 /* Base */,
			);
			name = Main.storyboard;
			sourceTree = "<group>";
		};
		E1ED54571E14AD18005EDF30 /* MainInterface.storyboard */ = {
			isa = PBXVariantGroup;
			children = (
				E1ED54581E14AD18005EDF30 /* Base */,
			);
			name = MainInterface.storyboard;
			sourceTree = "<group>";
		};
/* End PBXVariantGroup section */

/* Begin XCBuildConfiguration section */
		E11880231E0BC4BC00F70986 /* Debug */ = {
			isa = XCBuildConfiguration;
			buildSettings = {
				ALWAYS_SEARCH_USER_PATHS = NO;
				CLANG_ANALYZER_NONNULL = YES;
				CLANG_CXX_LANGUAGE_STANDARD = "gnu++0x";
				CLANG_CXX_LIBRARY = "libc++";
				CLANG_ENABLE_MODULES = YES;
				CLANG_ENABLE_OBJC_ARC = YES;
				CLANG_WARN_BOOL_CONVERSION = YES;
				CLANG_WARN_CONSTANT_CONVERSION = YES;
				CLANG_WARN_DIRECT_OBJC_ISA_USAGE = YES_ERROR;
				CLANG_WARN_DOCUMENTATION_COMMENTS = YES;
				CLANG_WARN_EMPTY_BODY = YES;
				CLANG_WARN_ENUM_CONVERSION = YES;
				CLANG_WARN_INFINITE_RECURSION = YES;
				CLANG_WARN_INT_CONVERSION = YES;
				CLANG_WARN_OBJC_ROOT_CLASS = YES_ERROR;
				CLANG_WARN_SUSPICIOUS_MOVE = YES;
				CLANG_WARN_UNREACHABLE_CODE = YES;
				CLANG_WARN__DUPLICATE_METHOD_MATCH = YES;
				"CODE_SIGN_IDENTITY[sdk=iphoneos*]" = "iPhone Developer";
				COPY_PHASE_STRIP = NO;
				DEBUG_INFORMATION_FORMAT = dwarf;
				ENABLE_STRICT_OBJC_MSGSEND = YES;
				ENABLE_TESTABILITY = YES;
				GCC_C_LANGUAGE_STANDARD = gnu99;
				GCC_DYNAMIC_NO_PIC = NO;
				GCC_NO_COMMON_BLOCKS = YES;
				GCC_OPTIMIZATION_LEVEL = 0;
				GCC_PREPROCESSOR_DEFINITIONS = (
					"DEBUG=1",
					"$(inherited)",
				);
				GCC_WARN_64_TO_32_BIT_CONVERSION = YES;
				GCC_WARN_ABOUT_RETURN_TYPE = YES_ERROR;
				GCC_WARN_UNDECLARED_SELECTOR = YES;
				GCC_WARN_UNINITIALIZED_AUTOS = YES_AGGRESSIVE;
				GCC_WARN_UNUSED_FUNCTION = YES;
				GCC_WARN_UNUSED_VARIABLE = YES;
				IPHONEOS_DEPLOYMENT_TARGET = 10.2;
				MTL_ENABLE_DEBUG_INFO = YES;
				ONLY_ACTIVE_ARCH = YES;
				SDKROOT = iphoneos;
				SWIFT_ACTIVE_COMPILATION_CONDITIONS = DEBUG;
				SWIFT_OPTIMIZATION_LEVEL = "-Onone";
			};
			name = Debug;
		};
		E11880241E0BC4BC00F70986 /* Release */ = {
			isa = XCBuildConfiguration;
			buildSettings = {
				ALWAYS_SEARCH_USER_PATHS = NO;
				CLANG_ANALYZER_NONNULL = YES;
				CLANG_CXX_LANGUAGE_STANDARD = "gnu++0x";
				CLANG_CXX_LIBRARY = "libc++";
				CLANG_ENABLE_MODULES = YES;
				CLANG_ENABLE_OBJC_ARC = YES;
				CLANG_WARN_BOOL_CONVERSION = YES;
				CLANG_WARN_CONSTANT_CONVERSION = YES;
				CLANG_WARN_DIRECT_OBJC_ISA_USAGE = YES_ERROR;
				CLANG_WARN_DOCUMENTATION_COMMENTS = YES;
				CLANG_WARN_EMPTY_BODY = YES;
				CLANG_WARN_ENUM_CONVERSION = YES;
				CLANG_WARN_INFINITE_RECURSION = YES;
				CLANG_WARN_INT_CONVERSION = YES;
				CLANG_WARN_OBJC_ROOT_CLASS = YES_ERROR;
				CLANG_WARN_SUSPICIOUS_MOVE = YES;
				CLANG_WARN_UNREACHABLE_CODE = YES;
				CLANG_WARN__DUPLICATE_METHOD_MATCH = YES;
				"CODE_SIGN_IDENTITY[sdk=iphoneos*]" = "iPhone Developer";
				COPY_PHASE_STRIP = NO;
				DEBUG_INFORMATION_FORMAT = "dwarf-with-dsym";
				ENABLE_NS_ASSERTIONS = NO;
				ENABLE_STRICT_OBJC_MSGSEND = YES;
				GCC_C_LANGUAGE_STANDARD = gnu99;
				GCC_NO_COMMON_BLOCKS = YES;
				GCC_WARN_64_TO_32_BIT_CONVERSION = YES;
				GCC_WARN_ABOUT_RETURN_TYPE = YES_ERROR;
				GCC_WARN_UNDECLARED_SELECTOR = YES;
				GCC_WARN_UNINITIALIZED_AUTOS = YES_AGGRESSIVE;
				GCC_WARN_UNUSED_FUNCTION = YES;
				GCC_WARN_UNUSED_VARIABLE = YES;
				IPHONEOS_DEPLOYMENT_TARGET = 10.2;
				MTL_ENABLE_DEBUG_INFO = NO;
				SDKROOT = iphoneos;
				SWIFT_OPTIMIZATION_LEVEL = "-Owholemodule";
				VALIDATE_PRODUCT = YES;
			};
			name = Release;
		};
		E11880261E0BC4BC00F70986 /* Debug */ = {
			isa = XCBuildConfiguration;
			buildSettings = {
				ALWAYS_EMBED_SWIFT_STANDARD_LIBRARIES = YES;
				ASSETCATALOG_COMPILER_APPICON_NAME = AppIcon;
				DEVELOPMENT_TEAM = QZFW9RQ778;
				INFOPLIST_FILE = QQ/Info.plist;
				LD_RUNPATH_SEARCH_PATHS = "$(inherited) @executable_path/Frameworks";
				PRODUCT_BUNDLE_IDENTIFIER = com.songwentong.QQ;
				PRODUCT_NAME = "$(TARGET_NAME)";
				SWIFT_VERSION = 3.0;
			};
			name = Debug;
		};
		E11880271E0BC4BC00F70986 /* Release */ = {
			isa = XCBuildConfiguration;
			buildSettings = {
				ALWAYS_EMBED_SWIFT_STANDARD_LIBRARIES = YES;
				ASSETCATALOG_COMPILER_APPICON_NAME = AppIcon;
				DEVELOPMENT_TEAM = QZFW9RQ778;
				INFOPLIST_FILE = QQ/Info.plist;
				LD_RUNPATH_SEARCH_PATHS = "$(inherited) @executable_path/Frameworks";
				PRODUCT_BUNDLE_IDENTIFIER = com.songwentong.QQ;
				PRODUCT_NAME = "$(TARGET_NAME)";
				SWIFT_VERSION = 3.0;
			};
			name = Release;
		};
		E1ED545F1E14AD18005EDF30 /* Debug */ = {
			isa = XCBuildConfiguration;
			buildSettings = {
				DEVELOPMENT_TEAM = QZFW9RQ778;
				INFOPLIST_FILE = QQShareExtension/Info.plist;
				LD_RUNPATH_SEARCH_PATHS = "$(inherited) @executable_path/Frameworks @executable_path/../../Frameworks";
				PRODUCT_BUNDLE_IDENTIFIER = com.songwentong.QQ.QQShareExtension;
				PRODUCT_NAME = "$(TARGET_NAME)";
				SKIP_INSTALL = YES;
				SWIFT_VERSION = 3.0;
			};
			name = Debug;
		};
		E1ED54601E14AD18005EDF30 /* Release */ = {
			isa = XCBuildConfiguration;
			buildSettings = {
				DEVELOPMENT_TEAM = QZFW9RQ778;
				INFOPLIST_FILE = QQShareExtension/Info.plist;
				LD_RUNPATH_SEARCH_PATHS = "$(inherited) @executable_path/Frameworks @executable_path/../../Frameworks";
				PRODUCT_BUNDLE_IDENTIFIER = com.songwentong.QQ.QQShareExtension;
				PRODUCT_NAME = "$(TARGET_NAME)";
				SKIP_INSTALL = YES;
				SWIFT_VERSION = 3.0;
			};
			name = Release;
		};
		E1ED546E1E14AD33005EDF30 /* Debug */ = {
			isa = XCBuildConfiguration;
			buildSettings = {
				ARCHS = "$(ARCHS_STANDARD_64_BIT)";
				DEVELOPMENT_TEAM = QZFW9RQ778;
				INFOPLIST_FILE = QQCallKitExtension/Info.plist;
				LD_RUNPATH_SEARCH_PATHS = "$(inherited) @executable_path/Frameworks @executable_path/../../Frameworks";
				PRODUCT_BUNDLE_IDENTIFIER = com.songwentong.QQ.QQCallKitExtension;
				PRODUCT_NAME = "$(TARGET_NAME)";
				SKIP_INSTALL = YES;
				SWIFT_VERSION = 3.0;
			};
			name = Debug;
		};
		E1ED546F1E14AD33005EDF30 /* Release */ = {
			isa = XCBuildConfiguration;
			buildSettings = {
				ARCHS = "$(ARCHS_STANDARD_64_BIT)";
				DEVELOPMENT_TEAM = QZFW9RQ778;
				INFOPLIST_FILE = QQCallKitExtension/Info.plist;
				LD_RUNPATH_SEARCH_PATHS = "$(inherited) @executable_path/Frameworks @executable_path/../../Frameworks";
				PRODUCT_BUNDLE_IDENTIFIER = com.songwentong.QQ.QQCallKitExtension;
				PRODUCT_NAME = "$(TARGET_NAME)";
				SKIP_INSTALL = YES;
				SWIFT_VERSION = 3.0;
			};
			name = Release;
		};
/* End XCBuildConfiguration section */

/* Begin XCConfigurationList section */
		E118800E1E0BC4BC00F70986 /* Build configuration list for PBXProject "QQ" */ = {
			isa = XCConfigurationList;
			buildConfigurations = (
				E11880231E0BC4BC00F70986 /* Debug */,
				E11880241E0BC4BC00F70986 /* Release */,
			);
			defaultConfigurationIsVisible = 0;
			defaultConfigurationName = Release;
		};
		E11880251E0BC4BC00F70986 /* Build configuration list for PBXNativeTarget "QQ" */ = {
			isa = XCConfigurationList;
			buildConfigurations = (
				E11880261E0BC4BC00F70986 /* Debug */,
				E11880271E0BC4BC00F70986 /* Release */,
			);
			defaultConfigurationIsVisible = 0;
			defaultConfigurationName = Release;
		};
		E1ED545E1E14AD18005EDF30 /* Build configuration list for PBXNativeTarget "QQShareExtension" */ = {
			isa = XCConfigurationList;
			buildConfigurations = (
				E1ED545F1E14AD18005EDF30 /* Debug */,
				E1ED54601E14AD18005EDF30 /* Release */,
			);
			defaultConfigurationIsVisible = 0;
			defaultConfigurationName = Release;
		};
		E1ED546D1E14AD33005EDF30 /* Build configuration list for PBXNativeTarget "QQCallKitExtension" */ = {
			isa = XCConfigurationList;
			buildConfigurations = (
				E1ED546E1E14AD33005EDF30 /* Debug */,
				E1ED546F1E14AD33005EDF30 /* Release */,
			);
			defaultConfigurationIsVisible = 0;
			defaultConfigurationName = Release;
		};
/* End XCConfigurationList section */
	};
	rootObject = E118800B1E0BC4BC00F70986 /* Project object */;
}
